
Microsoft Visual Studio Solution File, Format Version 12.00
# Visual Studio Version 17
VisualStudioVersion = 17.4.33110.190
MinimumVisualStudioVersion = 10.0.40219.1
Project("{FAE04EC0-301F-11D3-BF4B-00C04F79EFBC}") = "day3", "day3\day3.csproj", "{BA393D7F-C922-475F-BA8C-752CFCBE6F9C}"
EndProject
Global
	GlobalSection(SolutionConfigurationPlatforms) = preSolution
		Debug|Any CPU = Debug|Any CPU
		Release|Any CPU = Release|Any CPU
	EndGlobalSection
	GlobalSection(ProjectConfigurationPlatforms) = postSolution
		{BA393D7F-C922-475F-BA8C-752CFCBE6F9C}.Debug|Any CPU.ActiveCfg = Debug|Any CPU
		{BA393D7F-C922-475F-BA8C-752CFCBE6F9C}.Debug|Any CPU.Build.0 = Debug|Any CPU
		{BA393D7F-C922-475F-BA8C-752CFCBE6F9C}.Release|Any CPU.ActiveCfg = Release|Any CPU
		{BA393D7F-C922-475F-BA8C-752CFCBE6F9C}.Release|Any CPU.Build.0 = Release|Any CPU
	EndGlobalSection
	GlobalSection(SolutionProperties) = preSolution
		HideSolutionNode = FALSE
	EndGlobalSection
	GlobalSection(ExtensibilityGlobals) = postSolution
		SolutionGuid = {839DD6B1-877B-418F-8212-0D3B272889B5}
	EndGlobalSection
EndGlobal
